
Microsoft Visual Studio Solution File, Format Version 12.00
# Visual Studio Version 17
VisualStudioVersion = 17.13.35919.96
MinimumVisualStudioVersion = 10.0.40219.1
Project("{FAE04EC0-301F-11D3-BF4B-00C04F79EFBC}") = "TPWinForm_equipo_10A", "TPWinForm_equipo-10A\TPWinForm_equipo_10A.csproj", "{228D9585-941C-4547-B078-9BAC81DAD5F4}"
EndProject
Project("{FAE04EC0-301F-11D3-BF4B-00C04F79EFBC}") = "Dominio", "Dominio\Dominio.csproj", "{AACA3628-6CFE-4699-A13E-9D97AA78461E}"
EndProject
Project("{FAE04EC0-301F-11D3-BF4B-00C04F79EFBC}") = "Negocio", "Negocio\Negocio.csproj", "{09D9B845-B0A4-41EA-94DF-36B848994CD1}"
EndProject
Global
	GlobalSection(SolutionConfigurationPlatforms) = preSolution
		Debug|Any CPU = Debug|Any CPU
		Release|Any CPU = Release|Any CPU
	EndGlobalSection
	GlobalSection(ProjectConfigurationPlatforms) = postSolution
		{228D9585-941C-4547-B078-9BAC81DAD5F4}.Debug|Any CPU.ActiveCfg = Debug|Any CPU
		{228D9585-941C-4547-B078-9BAC81DAD5F4}.Debug|Any CPU.Build.0 = Debug|Any CPU
		{228D9585-941C-4547-B078-9BAC81DAD5F4}.Release|Any CPU.ActiveCfg = Release|Any CPU
		{228D9585-941C-4547-B078-9BAC81DAD5F4}.Release|Any CPU.Build.0 = Release|Any CPU
		{AACA3628-6CFE-4699-A13E-9D97AA78461E}.Debug|Any CPU.ActiveCfg = Debug|Any CPU
		{AACA3628-6CFE-4699-A13E-9D97AA78461E}.Debug|Any CPU.Build.0 = Debug|Any CPU
		{AACA3628-6CFE-4699-A13E-9D97AA78461E}.Release|Any CPU.ActiveCfg = Release|Any CPU
		{AACA3628-6CFE-4699-A13E-9D97AA78461E}.Release|Any CPU.Build.0 = Release|Any CPU
		{09D9B845-B0A4-41EA-94DF-36B848994CD1}.Debug|Any CPU.ActiveCfg = Debug|Any CPU
		{09D9B845-B0A4-41EA-94DF-36B848994CD1}.Debug|Any CPU.Build.0 = Debug|Any CPU
		{09D9B845-B0A4-41EA-94DF-36B848994CD1}.Release|Any CPU.ActiveCfg = Release|Any CPU
		{09D9B845-B0A4-41EA-94DF-36B848994CD1}.Release|Any CPU.Build.0 = Release|Any CPU
	EndGlobalSection
	GlobalSection(SolutionProperties) = preSolution
		HideSolutionNode = FALSE
	EndGlobalSection
	GlobalSection(ExtensibilityGlobals) = postSolution
		SolutionGuid = {49B1875E-4101-4141-92BC-67312FBCF445}
	EndGlobalSection
EndGlobal
